# This file is automatically @generated by Cargo.
# It is not intended for manual editing.
version = 3

[[package]]
name = "autocfg"
version = "1.0.1"
source = "registry+https://github.com/rust-lang/crates.io-index"
checksum = "cdb031dd78e28731d87d56cc8ffef4a8f36ca26c38fe2de700543e627f8a464a"

[[package]]
name = "cc"
version = "1.0.72"
source = "registry+https://github.com/rust-lang/crates.io-index"
checksum = "22a9137b95ea06864e018375b72adfb7db6e6f68cfc8df5a04d00288050485ee"

[[package]]
name = "cfg-if"
version = "1.0.0"
source = "registry+https://github.com/rust-lang/crates.io-index"
checksum = "baf1de4339761588bc0619e3cbc0120ee582ebb74b53b4efbf79117bd2da40fd"

[[package]]
name = "futures-core"
version = "0.3.17"
source = "registry+https://github.com/rust-lang/crates.io-index"
checksum = "88d1c26957f23603395cd326b0ffe64124b818f4449552f960d815cfba83a53d"

[[package]]
name = "futures-task"
version = "0.3.17"
source = "registry+https://github.com/rust-lang/crates.io-index"
checksum = "1d3d00f4eddb73e498a54394f228cd55853bdf059259e8e7bc6e69d408892e99"

[[package]]
name = "futures-util"
version = "0.3.17"
source = "registry+https://github.com/rust-lang/crates.io-index"
checksum = "36568465210a3a6ee45e1f165136d68671471a501e632e9a98d96872222b5481"
dependencies = [
 "autocfg",
 "futures-core",
 "futures-task",
 "pin-project-lite",
 "pin-utils",
]

[[package]]
name = "irq-example"
version = "0.0.1"
dependencies = [
 "cc",
 "ruspiro-allocator",
 "ruspiro-boot",
 "ruspiro-interrupt",
 "ruspiro-mmio-register",
 "ruspiro-mmu",
]

[[package]]
name = "log"
version = "0.4.14"
source = "registry+https://github.com/rust-lang/crates.io-index"
checksum = "51b9bbe6c47d51fc3e1a9b945965946b4c44142ab8792c50835a980d362c2710"
dependencies = [
 "cfg-if",
]

[[package]]
name = "paste"
version = "1.0.5"
source = "registry+https://github.com/rust-lang/crates.io-index"
checksum = "acbf547ad0c65e31259204bd90935776d1c693cec2f4ff7abb7a1bbbd40dfe58"

[[package]]
name = "pin-project-lite"
version = "0.2.6"
source = "registry+https://github.com/rust-lang/crates.io-index"
checksum = "dc0e1f259c92177c30a4c9d177246edd0a3568b25756a977d0632cf8fa37e905"

[[package]]
name = "pin-utils"
version = "0.1.0"
source = "registry+https://github.com/rust-lang/crates.io-index"
checksum = "8b870d8c151b6f2fb93e84a13146138f05d02ed11c7e7c54f8826aaaf7c9f184"

[[package]]
name = "proc-macro2"
version = "1.0.26"
source = "registry+https://github.com/rust-lang/crates.io-index"
checksum = "a152013215dca273577e18d2bf00fa862b89b24169fb78c4c95aeb07992c9cec"
dependencies = [
 "unicode-xid",
]

[[package]]
name = "quote"
version = "1.0.9"
source = "registry+https://github.com/rust-lang/crates.io-index"
checksum = "c3d0b9745dc2debf507c8422de05d7226cc1f0644216dfdfead988f9b1ab32a7"
dependencies = [
 "proc-macro2",
]

[[package]]
name = "rlibc"
version = "1.0.0"
source = "registry+https://github.com/rust-lang/crates.io-index"
checksum = "fc874b127765f014d792f16763a81245ab80500e2ad921ed4ee9e82481ee08fe"

[[package]]
name = "ruspiro-allocator"
version = "0.4.5"
source = "registry+https://github.com/rust-lang/crates.io-index"
checksum = "ac6050b043a7e6299fbefa9efd6695cc90018bb8a2101bf35462c499b84095d0"
dependencies = [
 "rlibc",
]

[[package]]
name = "ruspiro-arch-aarch64"
version = "0.1.5"
source = "registry+https://github.com/rust-lang/crates.io-index"
checksum = "7070655f218fb750e3757a68b123fad8851a279134eae88c9ac7d4a5f6b96c21"
dependencies = [
 "ruspiro-register",
]

[[package]]
name = "ruspiro-boot"
version = "0.5.3"
source = "registry+https://github.com/rust-lang/crates.io-index"
checksum = "240bd72c4a519d7487ad124267d842e57577efd97d2ae1c944e2b7b617c5f4d7"
dependencies = [
 "cc",
 "log",
 "ruspiro-cache",
 "ruspiro-register",
]

[[package]]
name = "ruspiro-cache"
version = "0.4.1"
source = "registry+https://github.com/rust-lang/crates.io-index"
checksum = "0ebe25a7a5c319cf5a58f368c5bc0dd3a672e4a66d0d86382194a28bc9ad92f1"
dependencies = [
 "cc",
 "ruspiro-arch-aarch64",
]

[[package]]
name = "ruspiro-channel"
version = "0.1.1"
source = "git+https://github.com/RusPiRo/ruspiro-channel.git?branch=development#c059c824b38e4ce50f624cecbcc8e1b3c4620a94"
dependencies = [
 "futures-util",
 "ruspiro-arch-aarch64",
]

[[package]]
name = "ruspiro-interrupt"
version = "0.5.0"
dependencies = [
 "futures-util",
 "paste",
 "ruspiro-arch-aarch64",
 "ruspiro-channel",
 "ruspiro-interrupt-macros",
 "ruspiro-mmio-register",
 "ruspiro-singleton",
]

[[package]]
name = "ruspiro-interrupt-macros"
version = "0.5.0"
dependencies = [
 "quote",
 "syn",
]

[[package]]
name = "ruspiro-lock"
version = "0.4.2"
source = "registry+https://github.com/rust-lang/crates.io-index"
checksum = "173b1c02f49d11313eede4e63d03c2125f5f13f2119f98a213edbb03b20740bd"

[[package]]
name = "ruspiro-mmio-register"
version = "0.1.3"
source = "registry+https://github.com/rust-lang/crates.io-index"
checksum = "ebfbf049577a3159ff4666ac6e312b137696b88a72caa056a3a8322a0de96ba2"
dependencies = [
 "ruspiro-register",
]

[[package]]
name = "ruspiro-mmu"
version = "0.1.1"
source = "registry+https://github.com/rust-lang/crates.io-index"
checksum = "b5ccf761748f8bb59fca6d9130c8f41124f205ee7ed0ebed968a6741bd5b1da9"
dependencies = [
 "ruspiro-arch-aarch64",
]

[[package]]
name = "ruspiro-register"
version = "0.5.4"
source = "registry+https://github.com/rust-lang/crates.io-index"
checksum = "161d5f7992ad812a4cf78301846265fb34ba86db288d17aa35d36c5ec72ee349"

[[package]]
name = "ruspiro-singleton"
version = "0.4.3"
source = "registry+https://github.com/rust-lang/crates.io-index"
checksum = "7b2c5eacce361d2fbe601ada9717c93ffbd8bd9670afe3eea9496bb993db19ed"
dependencies = [
 "ruspiro-lock",
]

[[package]]
name = "syn"
version = "1.0.70"
source = "registry+https://github.com/rust-lang/crates.io-index"
checksum = "b9505f307c872bab8eb46f77ae357c8eba1fdacead58ee5a850116b1d7f82883"
dependencies = [
 "proc-macro2",
 "quote",
 "unicode-xid",
]

[[package]]
name = "unicode-xid"
version = "0.2.1"
source = "registry+https://github.com/rust-lang/crates.io-index"
checksum = "f7fe0bb3479651439c9112f72b6c505038574c9fbb575ed1bf3b797fa39dd564"

[[patch.unused]]
name = "ruspiro-mmio-register"
version = "0.1.2"
source = "git+https://github.com/RusPiRo/ruspiro-mmio-register.git?branch=development#2a17a256a038306ab0cdf19b6927d1e9ba67b5e0"

[[patch.unused]]
name = "ruspiro-singleton"
version = "0.4.2"
source = "git+https://github.com/RusPiRo/ruspiro-singleton.git?branch=development#3c6d79781cfc03af4c2166ff41250f6bd724dbf2"
