# This file is automatically @generated by Cargo.
# It is not intended for manual editing.
version = 3

[[package]]
name = "futures-core"
version = "0.3.14"
source = "registry+https://github.com/rust-lang/crates.io-index"
checksum = "098cd1c6dda6ca01650f1a37a794245eb73181d0d4d4e955e2f3c37db7af1815"

[[package]]
name = "futures-task"
version = "0.3.14"
source = "registry+https://github.com/rust-lang/crates.io-index"
checksum = "ba7aa51095076f3ba6d9a1f702f74bd05ec65f555d70d2033d55ba8d69f581bc"

[[package]]
name = "futures-util"
version = "0.3.14"
source = "registry+https://github.com/rust-lang/crates.io-index"
checksum = "3c144ad54d60f23927f0a6b6d816e4271278b64f005ad65e4e35291d2de9c025"
dependencies = [
 "futures-core",
 "futures-task",
 "pin-project-lite",
 "pin-utils",
]

[[package]]
name = "paste"
version = "1.0.5"
source = "registry+https://github.com/rust-lang/crates.io-index"
checksum = "acbf547ad0c65e31259204bd90935776d1c693cec2f4ff7abb7a1bbbd40dfe58"

[[package]]
name = "pin-project-lite"
version = "0.2.6"
source = "registry+https://github.com/rust-lang/crates.io-index"
checksum = "dc0e1f259c92177c30a4c9d177246edd0a3568b25756a977d0632cf8fa37e905"

[[package]]
name = "pin-utils"
version = "0.1.0"
source = "registry+https://github.com/rust-lang/crates.io-index"
checksum = "8b870d8c151b6f2fb93e84a13146138f05d02ed11c7e7c54f8826aaaf7c9f184"

[[package]]
name = "proc-macro2"
version = "1.0.26"
source = "registry+https://github.com/rust-lang/crates.io-index"
checksum = "a152013215dca273577e18d2bf00fa862b89b24169fb78c4c95aeb07992c9cec"
dependencies = [
 "unicode-xid",
]

[[package]]
name = "quote"
version = "1.0.9"
source = "registry+https://github.com/rust-lang/crates.io-index"
checksum = "c3d0b9745dc2debf507c8422de05d7226cc1f0644216dfdfead988f9b1ab32a7"
dependencies = [
 "proc-macro2",
]

[[package]]
name = "ruspiro-arch-aarch64"
version = "0.1.4"
source = "registry+https://github.com/rust-lang/crates.io-index"
checksum = "487585439e7a06c60294325fd1016cf5841ecf39bc388088d7fe09938a5e8050"
dependencies = [
 "ruspiro-register",
]

[[package]]
name = "ruspiro-channel"
version = "0.1.1"
source = "git+https://github.com/RusPiRo/ruspiro-channel.git?branch=development#c059c824b38e4ce50f624cecbcc8e1b3c4620a94"
dependencies = [
 "futures-util",
 "ruspiro-arch-aarch64",
]

[[package]]
name = "ruspiro-interrupt"
version = "0.4.3"
dependencies = [
 "futures-util",
 "paste",
 "ruspiro-channel",
 "ruspiro-interrupt-macros",
 "ruspiro-mmio-register",
 "ruspiro-singleton",
]

[[package]]
name = "ruspiro-interrupt-macros"
version = "0.3.1"
dependencies = [
 "quote",
 "syn",
]

[[package]]
name = "ruspiro-lock"
version = "0.4.2"
source = "registry+https://github.com/rust-lang/crates.io-index"
checksum = "173b1c02f49d11313eede4e63d03c2125f5f13f2119f98a213edbb03b20740bd"

[[package]]
name = "ruspiro-mmio-register"
version = "0.1.2"
source = "git+https://github.com/RusPiRo/ruspiro-mmio-register.git?branch=development#2a17a256a038306ab0cdf19b6927d1e9ba67b5e0"
dependencies = [
 "ruspiro-register",
]

[[package]]
name = "ruspiro-register"
version = "0.5.4"
source = "registry+https://github.com/rust-lang/crates.io-index"
checksum = "161d5f7992ad812a4cf78301846265fb34ba86db288d17aa35d36c5ec72ee349"

[[package]]
name = "ruspiro-singleton"
version = "0.4.2"
source = "git+https://github.com/RusPiRo/ruspiro-singleton.git?branch=development#3c6d79781cfc03af4c2166ff41250f6bd724dbf2"
dependencies = [
 "ruspiro-lock",
]

[[package]]
name = "syn"
version = "1.0.70"
source = "registry+https://github.com/rust-lang/crates.io-index"
checksum = "b9505f307c872bab8eb46f77ae357c8eba1fdacead58ee5a850116b1d7f82883"
dependencies = [
 "proc-macro2",
 "quote",
 "unicode-xid",
]

[[package]]
name = "unicode-xid"
version = "0.2.1"
source = "registry+https://github.com/rust-lang/crates.io-index"
checksum = "f7fe0bb3479651439c9112f72b6c505038574c9fbb575ed1bf3b797fa39dd564"
